Microsoft Visual Studio Solution File, Format Version 12.00
# Visual Studio Version 17
VisualStudioVersion = 17.5.2.0
MinimumVisualStudioVersion = 10.0.40219.1
Project("{FAE04EC0-301F-11D3-BF4B-00C04F79EFBC}") = "PBL2-BookStoreManagementSystem", "PBL2-BookStoreManagementSystem.csproj", "{0AE552DB-3FEC-6A19-9733-51857D8D43CC}"
EndProject
Global
	GlobalSection(SolutionConfigurationPlatforms) = preSolution
		Debug|Any CPU = Debug|Any CPU
		Release|Any CPU = Release|Any CPU
	EndGlobalSection
	GlobalSection(ProjectConfigurationPlatforms) = postSolution
		{0AE552DB-3FEC-6A19-9733-51857D8D43CC}.Debug|Any CPU.ActiveCfg = Debug|Any CPU
		{0AE552DB-3FEC-6A19-9733-51857D8D43CC}.Debug|Any CPU.Build.0 = Debug|Any CPU
		{0AE552DB-3FEC-6A19-9733-51857D8D43CC}.Release|Any CPU.ActiveCfg = Release|Any CPU
		{0AE552DB-3FEC-6A19-9733-51857D8D43CC}.Release|Any CPU.Build.0 = Release|Any CPU
	EndGlobalSection
	GlobalSection(SolutionProperties) = preSolution
		HideSolutionNode = FALSE
	EndGlobalSection
	GlobalSection(ExtensibilityGlobals) = postSolution
		SolutionGuid = {102FB8DB-2ED8-4D1F-865D-7C5E6B41F4E2}
	EndGlobalSection
EndGlobal
